{"filter":false,"title":"package-lock.json","tooltip":"/backend/package-lock.json","undoManager":{"mark":-1,"position":-1,"stack":[]},"ace":{"folds":[],"scrolltop":195988.90139770508,"scrollleft":0,"selection":{"start":{"row":13381,"column":9},"end":{"row":13381,"column":16},"isBackwards":false},"options":{"guessTabSize":true,"useWrapMode":false,"wrapToView":true},"firstLineState":{"row":25,"state":"start","mode":"ace/mode/json"}},"timestamp":1578743555829,"hash":"4f3625808b1e874df09ac1a7a947525aeae64bdb"}